
Microsoft Visual Studio Solution File, Format Version 12.00
# Visual Studio Version 16
VisualStudioVersion = 16.0.30225.117
MinimumVisualStudioVersion = 10.0.40219.1
Project("{FAE04EC0-301F-11D3-BF4B-00C04F79EFBC}") = "Task1", "SzkolaDotNeta_t2_l7\Task1.csproj", "{B206392A-4A87-4374-AE3C-C7E387EF6087}"
EndProject
Project("{9A19103F-16F7-4668-BE54-9A1E7A4F7556}") = "Task2", "Task2\Task2.csproj", "{26DF4234-BFEA-4C9A-AC3E-E5DD21059F3A}"
EndProject
Project("{9A19103F-16F7-4668-BE54-9A1E7A4F7556}") = "Task3", "Task3\Task3.csproj", "{6BAE3862-FA81-4081-AB70-65A0F86C3C5A}"
EndProject
Project("{9A19103F-16F7-4668-BE54-9A1E7A4F7556}") = "Task4", "Task4\Task4.csproj", "{6DA09F03-F5C0-4724-BF35-7F6D91B3D26D}"
EndProject
Project("{9A19103F-16F7-4668-BE54-9A1E7A4F7556}") = "Task5", "Task5\Task5.csproj", "{F688C166-6B06-4137-9828-923BEAC2C8C7}"
EndProject
Project("{9A19103F-16F7-4668-BE54-9A1E7A4F7556}") = "Task6", "Task6\Task6.csproj", "{F863B5C9-6658-4909-AB20-E476A60F5EA2}"
EndProject
Project("{9A19103F-16F7-4668-BE54-9A1E7A4F7556}") = "Task7", "Task7\Task7.csproj", "{86DAF36F-3780-4AAC-8F33-D72DC729C246}"
EndProject
Project("{9A19103F-16F7-4668-BE54-9A1E7A4F7556}") = "Task8", "Task8\Task8.csproj", "{B3F044EA-26A8-4275-B0CB-22414B4C141C}"
EndProject
Project("{9A19103F-16F7-4668-BE54-9A1E7A4F7556}") = "Task9", "Task9\Task9.csproj", "{776A3AB1-9368-45E2-8C4C-1A69E40898BD}"
EndProject
Project("{9A19103F-16F7-4668-BE54-9A1E7A4F7556}") = "Task10", "Task10\Task10.csproj", "{7B12CFE9-8707-4431-89E8-C8A04CC80723}"
EndProject
Project("{9A19103F-16F7-4668-BE54-9A1E7A4F7556}") = "Task11", "Task11\Task11.csproj", "{E117F10D-6CC9-429E-8224-9A5E91D2F7FF}"
EndProject
Project("{9A19103F-16F7-4668-BE54-9A1E7A4F7556}") = "Task12", "Task12\Task12.csproj", "{A1F13AAD-13F1-4C0A-9F6E-A8DFC7937D38}"
EndProject
Project("{FAE04EC0-301F-11D3-BF4B-00C04F79EFBC}") = "Task13", "Task13\Task13.csproj", "{126E9D1C-4598-4F61-B5E7-DC0690D0FD32}"
EndProject
Global
	GlobalSection(SolutionConfigurationPlatforms) = preSolution
		Debug|Any CPU = Debug|Any CPU
		Release|Any CPU = Release|Any CPU
	EndGlobalSection
	GlobalSection(ProjectConfigurationPlatforms) = postSolution
		{B206392A-4A87-4374-AE3C-C7E387EF6087}.Debug|Any CPU.ActiveCfg = Debug|Any CPU
		{B206392A-4A87-4374-AE3C-C7E387EF6087}.Debug|Any CPU.Build.0 = Debug|Any CPU
		{B206392A-4A87-4374-AE3C-C7E387EF6087}.Release|Any CPU.ActiveCfg = Release|Any CPU
		{B206392A-4A87-4374-AE3C-C7E387EF6087}.Release|Any CPU.Build.0 = Release|Any CPU
		{26DF4234-BFEA-4C9A-AC3E-E5DD21059F3A}.Debug|Any CPU.ActiveCfg = Debug|Any CPU
		{26DF4234-BFEA-4C9A-AC3E-E5DD21059F3A}.Debug|Any CPU.Build.0 = Debug|Any CPU
		{26DF4234-BFEA-4C9A-AC3E-E5DD21059F3A}.Release|Any CPU.ActiveCfg = Release|Any CPU
		{26DF4234-BFEA-4C9A-AC3E-E5DD21059F3A}.Release|Any CPU.Build.0 = Release|Any CPU
		{6BAE3862-FA81-4081-AB70-65A0F86C3C5A}.Debug|Any CPU.ActiveCfg = Debug|Any CPU
		{6BAE3862-FA81-4081-AB70-65A0F86C3C5A}.Debug|Any CPU.Build.0 = Debug|Any CPU
		{6BAE3862-FA81-4081-AB70-65A0F86C3C5A}.Release|Any CPU.ActiveCfg = Release|Any CPU
		{6BAE3862-FA81-4081-AB70-65A0F86C3C5A}.Release|Any CPU.Build.0 = Release|Any CPU
		{6DA09F03-F5C0-4724-BF35-7F6D91B3D26D}.Debug|Any CPU.ActiveCfg = Debug|Any CPU
		{6DA09F03-F5C0-4724-BF35-7F6D91B3D26D}.Debug|Any CPU.Build.0 = Debug|Any CPU
		{6DA09F03-F5C0-4724-BF35-7F6D91B3D26D}.Release|Any CPU.ActiveCfg = Release|Any CPU
		{6DA09F03-F5C0-4724-BF35-7F6D91B3D26D}.Release|Any CPU.Build.0 = Release|Any CPU
		{F688C166-6B06-4137-9828-923BEAC2C8C7}.Debug|Any CPU.ActiveCfg = Debug|Any CPU
		{F688C166-6B06-4137-9828-923BEAC2C8C7}.Debug|Any CPU.Build.0 = Debug|Any CPU
		{F688C166-6B06-4137-9828-923BEAC2C8C7}.Release|Any CPU.ActiveCfg = Release|Any CPU
		{F688C166-6B06-4137-9828-923BEAC2C8C7}.Release|Any CPU.Build.0 = Release|Any CPU
		{F863B5C9-6658-4909-AB20-E476A60F5EA2}.Debug|Any CPU.ActiveCfg = Debug|Any CPU
		{F863B5C9-6658-4909-AB20-E476A60F5EA2}.Debug|Any CPU.Build.0 = Debug|Any CPU
		{F863B5C9-6658-4909-AB20-E476A60F5EA2}.Release|Any CPU.ActiveCfg = Release|Any CPU
		{F863B5C9-6658-4909-AB20-E476A60F5EA2}.Release|Any CPU.Build.0 = Release|Any CPU
		{86DAF36F-3780-4AAC-8F33-D72DC729C246}.Debug|Any CPU.ActiveCfg = Debug|Any CPU
		{86DAF36F-3780-4AAC-8F33-D72DC729C246}.Debug|Any CPU.Build.0 = Debug|Any CPU
		{86DAF36F-3780-4AAC-8F33-D72DC729C246}.Release|Any CPU.ActiveCfg = Release|Any CPU
		{86DAF36F-3780-4AAC-8F33-D72DC729C246}.Release|Any CPU.Build.0 = Release|Any CPU
		{B3F044EA-26A8-4275-B0CB-22414B4C141C}.Debug|Any CPU.ActiveCfg = Debug|Any CPU
		{B3F044EA-26A8-4275-B0CB-22414B4C141C}.Debug|Any CPU.Build.0 = Debug|Any CPU
		{B3F044EA-26A8-4275-B0CB-22414B4C141C}.Release|Any CPU.ActiveCfg = Release|Any CPU
		{B3F044EA-26A8-4275-B0CB-22414B4C141C}.Release|Any CPU.Build.0 = Release|Any CPU
		{776A3AB1-9368-45E2-8C4C-1A69E40898BD}.Debug|Any CPU.ActiveCfg = Debug|Any CPU
		{776A3AB1-9368-45E2-8C4C-1A69E40898BD}.Debug|Any CPU.Build.0 = Debug|Any CPU
		{776A3AB1-9368-45E2-8C4C-1A69E40898BD}.Release|Any CPU.ActiveCfg = Release|Any CPU
		{776A3AB1-9368-45E2-8C4C-1A69E40898BD}.Release|Any CPU.Build.0 = Release|Any CPU
		{7B12CFE9-8707-4431-89E8-C8A04CC80723}.Debug|Any CPU.ActiveCfg = Debug|Any CPU
		{7B12CFE9-8707-4431-89E8-C8A04CC80723}.Debug|Any CPU.Build.0 = Debug|Any CPU
		{7B12CFE9-8707-4431-89E8-C8A04CC80723}.Release|Any CPU.ActiveCfg = Release|Any CPU
		{7B12CFE9-8707-4431-89E8-C8A04CC80723}.Release|Any CPU.Build.0 = Release|Any CPU
		{E117F10D-6CC9-429E-8224-9A5E91D2F7FF}.Debug|Any CPU.ActiveCfg = Debug|Any CPU
		{E117F10D-6CC9-429E-8224-9A5E91D2F7FF}.Debug|Any CPU.Build.0 = Debug|Any CPU
		{E117F10D-6CC9-429E-8224-9A5E91D2F7FF}.Release|Any CPU.ActiveCfg = Release|Any CPU
		{E117F10D-6CC9-429E-8224-9A5E91D2F7FF}.Release|Any CPU.Build.0 = Release|Any CPU
		{A1F13AAD-13F1-4C0A-9F6E-A8DFC7937D38}.Debug|Any CPU.ActiveCfg = Debug|Any CPU
		{A1F13AAD-13F1-4C0A-9F6E-A8DFC7937D38}.Debug|Any CPU.Build.0 = Debug|Any CPU
		{A1F13AAD-13F1-4C0A-9F6E-A8DFC7937D38}.Release|Any CPU.ActiveCfg = Release|Any CPU
		{A1F13AAD-13F1-4C0A-9F6E-A8DFC7937D38}.Release|Any CPU.Build.0 = Release|Any CPU
		{126E9D1C-4598-4F61-B5E7-DC0690D0FD32}.Debug|Any CPU.ActiveCfg = Debug|Any CPU
		{126E9D1C-4598-4F61-B5E7-DC0690D0FD32}.Debug|Any CPU.Build.0 = Debug|Any CPU
		{126E9D1C-4598-4F61-B5E7-DC0690D0FD32}.Release|Any CPU.ActiveCfg = Release|Any CPU
		{126E9D1C-4598-4F61-B5E7-DC0690D0FD32}.Release|Any CPU.Build.0 = Release|Any CPU
	EndGlobalSection
	GlobalSection(SolutionProperties) = preSolution
		HideSolutionNode = FALSE
	EndGlobalSection
	GlobalSection(ExtensibilityGlobals) = postSolution
		SolutionGuid = {1DA0B48F-4263-463C-9D15-BFD0ADD7356F}
	EndGlobalSection
EndGlobal
