
Microsoft Visual Studio Solution File, Format Version 12.00
# Visual Studio Version 16
VisualStudioVersion = 16.0.30320.27
MinimumVisualStudioVersion = 10.0.40219.1
Project("{9A19103F-16F7-4668-BE54-9A1E7A4F7556}") = "Task1", "SzkolaDotNeta_t2_l4\Task1.csproj", "{140CE8B2-FDD3-4B7C-8AF5-D1CFB1437FC3}"
EndProject
Project("{9A19103F-16F7-4668-BE54-9A1E7A4F7556}") = "Task2", "Task2\Task2.csproj", "{F98FBFA2-99F9-4590-A2B8-819E81D3338E}"
EndProject
Project("{9A19103F-16F7-4668-BE54-9A1E7A4F7556}") = "Task3", "Task3\Task3.csproj", "{4B5A21A3-8F35-4BED-BEAA-FD540F725D42}"
EndProject
Project("{9A19103F-16F7-4668-BE54-9A1E7A4F7556}") = "Task4", "Task4\Task4.csproj", "{0D90778C-A564-4D26-A4B6-F8E7A5EEFCB8}"
EndProject
Project("{FAE04EC0-301F-11D3-BF4B-00C04F79EFBC}") = "Task5", "Task5\Task5.csproj", "{BF18C3A8-CB7D-4D71-8F63-7DB581AA1A25}"
EndProject
Global
	GlobalSection(SolutionConfigurationPlatforms) = preSolution
		Debug|Any CPU = Debug|Any CPU
		Release|Any CPU = Release|Any CPU
	EndGlobalSection
	GlobalSection(ProjectConfigurationPlatforms) = postSolution
		{140CE8B2-FDD3-4B7C-8AF5-D1CFB1437FC3}.Debug|Any CPU.ActiveCfg = Debug|Any CPU
		{140CE8B2-FDD3-4B7C-8AF5-D1CFB1437FC3}.Debug|Any CPU.Build.0 = Debug|Any CPU
		{140CE8B2-FDD3-4B7C-8AF5-D1CFB1437FC3}.Release|Any CPU.ActiveCfg = Release|Any CPU
		{140CE8B2-FDD3-4B7C-8AF5-D1CFB1437FC3}.Release|Any CPU.Build.0 = Release|Any CPU
		{F98FBFA2-99F9-4590-A2B8-819E81D3338E}.Debug|Any CPU.ActiveCfg = Debug|Any CPU
		{F98FBFA2-99F9-4590-A2B8-819E81D3338E}.Debug|Any CPU.Build.0 = Debug|Any CPU
		{F98FBFA2-99F9-4590-A2B8-819E81D3338E}.Release|Any CPU.ActiveCfg = Release|Any CPU
		{F98FBFA2-99F9-4590-A2B8-819E81D3338E}.Release|Any CPU.Build.0 = Release|Any CPU
		{4B5A21A3-8F35-4BED-BEAA-FD540F725D42}.Debug|Any CPU.ActiveCfg = Debug|Any CPU
		{4B5A21A3-8F35-4BED-BEAA-FD540F725D42}.Debug|Any CPU.Build.0 = Debug|Any CPU
		{4B5A21A3-8F35-4BED-BEAA-FD540F725D42}.Release|Any CPU.ActiveCfg = Release|Any CPU
		{4B5A21A3-8F35-4BED-BEAA-FD540F725D42}.Release|Any CPU.Build.0 = Release|Any CPU
		{0D90778C-A564-4D26-A4B6-F8E7A5EEFCB8}.Debug|Any CPU.ActiveCfg = Debug|Any CPU
		{0D90778C-A564-4D26-A4B6-F8E7A5EEFCB8}.Debug|Any CPU.Build.0 = Debug|Any CPU
		{0D90778C-A564-4D26-A4B6-F8E7A5EEFCB8}.Release|Any CPU.ActiveCfg = Release|Any CPU
		{0D90778C-A564-4D26-A4B6-F8E7A5EEFCB8}.Release|Any CPU.Build.0 = Release|Any CPU
		{BF18C3A8-CB7D-4D71-8F63-7DB581AA1A25}.Debug|Any CPU.ActiveCfg = Debug|Any CPU
		{BF18C3A8-CB7D-4D71-8F63-7DB581AA1A25}.Debug|Any CPU.Build.0 = Debug|Any CPU
		{BF18C3A8-CB7D-4D71-8F63-7DB581AA1A25}.Release|Any CPU.ActiveCfg = Release|Any CPU
		{BF18C3A8-CB7D-4D71-8F63-7DB581AA1A25}.Release|Any CPU.Build.0 = Release|Any CPU
	EndGlobalSection
	GlobalSection(SolutionProperties) = preSolution
		HideSolutionNode = FALSE
	EndGlobalSection
	GlobalSection(ExtensibilityGlobals) = postSolution
		SolutionGuid = {ADB23BBE-D4C3-4A6F-871B-BE9935E508B9}
	EndGlobalSection
EndGlobal
